// !$*UTF8*$!
{
	archiveVersion = 1;
	classes = {
	};
	objectVersion = 46;
	objects = {

/* Begin PBXBuildFile section */
		A41E16871A82FC630080DD7A /* main.m in Sources */ = {isa = PBXBuildFile; fileRef = A41E16861A82FC630080DD7A /* main.m */; };
		A41E168A1A82FC630080DD7A /* AppDelegate.m in Sources */ = {isa = PBXBuildFile; fileRef = A41E16891A82FC630080DD7A /* AppDelegate.m */; };
		A41E168D1A82FC630080DD7A /* LoginVC.m in Sources */ = {isa = PBXBuildFile; fileRef = A41E168C1A82FC630080DD7A /* LoginVC.m */; };
		A41E16901A82FC630080DD7A /* Main.storyboard in Resources */ = {isa = PBXBuildFile; fileRef = A41E168E1A82FC630080DD7A /* Main.storyboard */; };
		A41E16921A82FC630080DD7A /* Images.xcassets in Resources */ = {isa = PBXBuildFile; fileRef = A41E16911A82FC630080DD7A /* Images.xcassets */; };
		A41E16951A82FC630080DD7A /* LaunchScreen.xib in Resources */ = {isa = PBXBuildFile; fileRef = A41E16931A82FC630080DD7A /* LaunchScreen.xib */; };
		A41E16A11A82FC640080DD7A /* WinkInternshipTests.m in Sources */ = {isa = PBXBuildFile; fileRef = A41E16A01A82FC640080DD7A /* WinkInternshipTests.m */; };
		A4315F591A83BFA200CA6FEB /* SetupThermostatVC.m in Sources */ = {isa = PBXBuildFile; fileRef = A4315F581A83BFA200CA6FEB /* SetupThermostatVC.m */; };
		A4315F5C1A83C31A00CA6FEB /* BrandTableCell.m in Sources */ = {isa = PBXBuildFile; fileRef = A4315F5B1A83C31A00CA6FEB /* BrandTableCell.m */; };
		A4315F5F1A83C37D00CA6FEB /* BrandOfWink.m in Sources */ = {isa = PBXBuildFile; fileRef = A4315F5E1A83C37D00CA6FEB /* BrandOfWink.m */; };
		A4315F621A83CD7200CA6FEB /* BrandTableCellForLights.m in Sources */ = {isa = PBXBuildFile; fileRef = A4315F611A83CD7200CA6FEB /* BrandTableCellForLights.m */; };
		A4315F651A83CDE300CA6FEB /* SetupLightsVC.m in Sources */ = {isa = PBXBuildFile; fileRef = A4315F641A83CDE300CA6FEB /* SetupLightsVC.m */; };
		A4315F681A83D4D500CA6FEB /* ControlRobotVC.m in Sources */ = {isa = PBXBuildFile; fileRef = A4315F671A83D4D500CA6FEB /* ControlRobotVC.m */; };
		A4315F6A1A83D98300CA6FEB /* CoreImage.framework in Frameworks */ = {isa = PBXBuildFile; fileRef = A4315F691A83D98300CA6FEB /* CoreImage.framework */; };
		A4672A011A850E1C004AF518 /* LightInWink.m in Sources */ = {isa = PBXBuildFile; fileRef = A4672A001A850E1C004AF518 /* LightInWink.m */; };
		A4672A041A8521DE004AF518 /* ThermostatInWink.m in Sources */ = {isa = PBXBuildFile; fileRef = A4672A031A8521DE004AF518 /* ThermostatInWink.m */; };
/* End PBXBuildFile section */

/* Begin PBXContainerItemProxy section */
		A41E169B1A82FC640080DD7A /* PBXContainerItemProxy */ = {
			isa = PBXContainerItemProxy;
			containerPortal = A41E16791A82FC630080DD7A /* Project object */;
			proxyType = 1;
			remoteGlobalIDString = A41E16801A82FC630080DD7A;
			remoteInfo = WinkInternship;
		};
/* End PBXContainerItemProxy section */

/* Begin PBXFileReference section */
		A41E16811A82FC630080DD7A /* WinkInternship.app */ = {isa = PBXFileReference; explicitFileType = wrapper.application; includeInIndex = 0; path = WinkInternship.app; sourceTree = BUILT_PRODUCTS_DIR; };
		A41E16851A82FC630080DD7A /* Info.plist */ = {isa = PBXFileReference; lastKnownFileType = text.plist.xml; path = Info.plist; sourceTree = "<group>"; };
		A41E16861A82FC630080DD7A /* main.m */ = {isa = PBXFileReference; lastKnownFileType = sourcecode.c.objc; path = main.m; sourceTree = "<group>"; };
		A41E16881A82FC630080DD7A /* AppDelegate.h */ = {isa = PBXFileReference; lastKnownFileType = sourcecode.c.h; path = AppDelegate.h; sourceTree = "<group>"; };
		A41E16891A82FC630080DD7A /* AppDelegate.m */ = {isa = PBXFileReference; lastKnownFileType = sourcecode.c.objc; path = AppDelegate.m; sourceTree = "<group>"; };
		A41E168B1A82FC630080DD7A /* LoginVC.h */ = {isa = PBXFileReference; lastKnownFileType = sourcecode.c.h; path = LoginVC.h; sourceTree = "<group>"; };
		A41E168C1A82FC630080DD7A /* LoginVC.m */ = {isa = PBXFileReference; lastKnownFileType = sourcecode.c.objc; path = LoginVC.m; sourceTree = "<group>"; };
		A41E168F1A82FC630080DD7A /* Base */ = {isa = PBXFileReference; lastKnownFileType = file.storyboard; name = Base; path = Base.lproj/Main.storyboard; sourceTree = "<group>"; };
		A41E16911A82FC630080DD7A /* Images.xcassets */ = {isa = PBXFileReference; lastKnownFileType = folder.assetcatalog; path = Images.xcassets; sourceTree = "<group>"; };
		A41E16941A82FC630080DD7A /* Base */ = {isa = PBXFileReference; lastKnownFileType = file.xib; name = Base; path = Base.lproj/LaunchScreen.xib; sourceTree = "<group>"; };
		A41E169A1A82FC640080DD7A /* WinkInternshipTests.xctest */ = {isa = PBXFileReference; explicitFileType = wrapper.cfbundle; includeInIndex = 0; path = WinkInternshipTests.xctest; sourceTree = BUILT_PRODUCTS_DIR; };
		A41E169F1A82FC640080DD7A /* Info.plist */ = {isa = PBXFileReference; lastKnownFileType = text.plist.xml; path = Info.plist; sourceTree = "<group>"; };
		A41E16A01A82FC640080DD7A /* WinkInternshipTests.m */ = {isa = PBXFileReference; lastKnownFileType = sourcecode.c.objc; path = WinkInternshipTests.m; sourceTree = "<group>"; };
		A4315F571A83BFA200CA6FEB /* SetupThermostatVC.h */ = {isa = PBXFileReference; fileEncoding = 4; lastKnownFileType = sourcecode.c.h; path = SetupThermostatVC.h; sourceTree = "<group>"; };
		A4315F581A83BFA200CA6FEB /* SetupThermostatVC.m */ = {isa = PBXFileReference; fileEncoding = 4; lastKnownFileType = sourcecode.c.objc; path = SetupThermostatVC.m; sourceTree = "<group>"; };
		A4315F5A1A83C31A00CA6FEB /* BrandTableCell.h */ = {isa = PBXFileReference; fileEncoding = 4; lastKnownFileType = sourcecode.c.h; path = BrandTableCell.h; sourceTree = "<group>"; };
		A4315F5B1A83C31A00CA6FEB /* BrandTableCell.m */ = {isa = PBXFileReference; fileEncoding = 4; lastKnownFileType = sourcecode.c.objc; path = BrandTableCell.m; sourceTree = "<group>"; };
		A4315F5D1A83C37D00CA6FEB /* BrandOfWink.h */ = {isa = PBXFileReference; fileEncoding = 4; lastKnownFileType = sourcecode.c.h; path = BrandOfWink.h; sourceTree = "<group>"; };
		A4315F5E1A83C37D00CA6FEB /* BrandOfWink.m */ = {isa = PBXFileReference; fileEncoding = 4; lastKnownFileType = sourcecode.c.objc; path = BrandOfWink.m; sourceTree = "<group>"; };
		A4315F601A83CD7200CA6FEB /* BrandTableCellForLights.h */ = {isa = PBXFileReference; fileEncoding = 4; lastKnownFileType = sourcecode.c.h; path = BrandTableCellForLights.h; sourceTree = "<group>"; };
		A4315F611A83CD7200CA6FEB /* BrandTableCellForLights.m */ = {isa = PBXFileReference; fileEncoding = 4; lastKnownFileType = sourcecode.c.objc; path = BrandTableCellForLights.m; sourceTree = "<group>"; };
		A4315F631A83CDE300CA6FEB /* SetupLightsVC.h */ = {isa = PBXFileReference; fileEncoding = 4; lastKnownFileType = sourcecode.c.h; path = SetupLightsVC.h; sourceTree = "<group>"; };
		A4315F641A83CDE300CA6FEB /* SetupLightsVC.m */ = {isa = PBXFileReference; fileEncoding = 4; lastKnownFileType = sourcecode.c.objc; path = SetupLightsVC.m; sourceTree = "<group>"; };
		A4315F661A83D4D500CA6FEB /* ControlRobotVC.h */ = {isa = PBXFileReference; fileEncoding = 4; lastKnownFileType = sourcecode.c.h; path = ControlRobotVC.h; sourceTree = "<group>"; };
		A4315F671A83D4D500CA6FEB /* ControlRobotVC.m */ = {isa = PBXFileReference; fileEncoding = 4; lastKnownFileType = sourcecode.c.objc; path = ControlRobotVC.m; sourceTree = "<group>"; };
		A4315F691A83D98300CA6FEB /* CoreImage.framework */ = {isa = PBXFileReference; lastKnownFileType = wrapper.framework; name = CoreImage.framework; path = System/Library/Frameworks/CoreImage.framework; sourceTree = SDKROOT; };
		A4315F8F1A83E1CC00CA6FEB /* Accelerate.framework */ = {isa = PBXFileReference; lastKnownFileType = wrapper.framework; name = Accelerate.framework; path = System/Library/Frameworks/Accelerate.framework; sourceTree = SDKROOT; };
		A4315F911A83E1D400CA6FEB /* AssetsLibrary.framework */ = {isa = PBXFileReference; lastKnownFileType = wrapper.framework; name = AssetsLibrary.framework; path = System/Library/Frameworks/AssetsLibrary.framework; sourceTree = SDKROOT; };
		A4315F931A83E1DA00CA6FEB /* ImageIO.framework */ = {isa = PBXFileReference; lastKnownFileType = wrapper.framework; name = ImageIO.framework; path = System/Library/Frameworks/ImageIO.framework; sourceTree = SDKROOT; };
		A4315F951A83E1E000CA6FEB /* MobileCoreServices.framework */ = {isa = PBXFileReference; lastKnownFileType = wrapper.framework; name = MobileCoreServices.framework; path = System/Library/Frameworks/MobileCoreServices.framework; sourceTree = SDKROOT; };
		A4315F971A83E1E600CA6FEB /* QuartzCore.framework */ = {isa = PBXFileReference; lastKnownFileType = wrapper.framework; name = QuartzCore.framework; path = System/Library/Frameworks/QuartzCore.framework; sourceTree = SDKROOT; };
		A46729FF1A850E1C004AF518 /* LightInWink.h */ = {isa = PBXFileReference; fileEncoding = 4; lastKnownFileType = sourcecode.c.h; path = LightInWink.h; sourceTree = "<group>"; };
		A4672A001A850E1C004AF518 /* LightInWink.m */ = {isa = PBXFileReference; fileEncoding = 4; lastKnownFileType = sourcecode.c.objc; path = LightInWink.m; sourceTree = "<group>"; };
		A4672A021A8521DE004AF518 /* ThermostatInWink.h */ = {isa = PBXFileReference; fileEncoding = 4; lastKnownFileType = sourcecode.c.h; path = ThermostatInWink.h; sourceTree = "<group>"; };
		A4672A031A8521DE004AF518 /* ThermostatInWink.m */ = {isa = PBXFileReference; fileEncoding = 4; lastKnownFileType = sourcecode.c.objc; path = ThermostatInWink.m; sourceTree = "<group>"; };
/* End PBXFileReference section */

/* Begin PBXFrameworksBuildPhase section */
		A41E167E1A82FC630080DD7A /* Frameworks */ = {
			isa = PBXFrameworksBuildPhase;
			buildActionMask = 2147483647;
			files = (
				A4315F6A1A83D98300CA6FEB /* CoreImage.framework in Frameworks */,
			);
			runOnlyForDeploymentPostprocessing = 0;
		};
		A41E16971A82FC640080DD7A /* Frameworks */ = {
			isa = PBXFrameworksBuildPhase;
			buildActionMask = 2147483647;
			files = (
			);
			runOnlyForDeploymentPostprocessing = 0;
		};
/* End PBXFrameworksBuildPhase section */

/* Begin PBXGroup section */
		A41E16781A82FC630080DD7A = {
			isa = PBXGroup;
			children = (
				A41E16831A82FC630080DD7A /* WinkInternship */,
				A41E169D1A82FC640080DD7A /* WinkInternshipTests */,
				A41E16821A82FC630080DD7A /* Products */,
			);
			sourceTree = "<group>";
		};
		A41E16821A82FC630080DD7A /* Products */ = {
			isa = PBXGroup;
			children = (
				A41E16811A82FC630080DD7A /* WinkInternship.app */,
				A41E169A1A82FC640080DD7A /* WinkInternshipTests.xctest */,
			);
			name = Products;
			sourceTree = "<group>";
		};
		A41E16831A82FC630080DD7A /* WinkInternship */ = {
			isa = PBXGroup;
			children = (
				A41E16881A82FC630080DD7A /* AppDelegate.h */,
				A41E16891A82FC630080DD7A /* AppDelegate.m */,
				A41E168E1A82FC630080DD7A /* Main.storyboard */,
				A41E168B1A82FC630080DD7A /* LoginVC.h */,
				A41E168C1A82FC630080DD7A /* LoginVC.m */,
				A4672A051A8521E7004AF518 /* Models */,
				A4E733791A84027000B3C70A /* Setup Controllers */,
				A4E7337A1A84029300B3C70A /* Main Controllers */,
				A4E7337B1A8402A100B3C70A /* Custom Table Cells */,
				A41E16911A82FC630080DD7A /* Images.xcassets */,
				A41E16931A82FC630080DD7A /* LaunchScreen.xib */,
				A41E16841A82FC630080DD7A /* Supporting Files */,
			);
			path = WinkInternship;
			sourceTree = "<group>";
		};
		A41E16841A82FC630080DD7A /* Supporting Files */ = {
			isa = PBXGroup;
			children = (
				A4315F971A83E1E600CA6FEB /* QuartzCore.framework */,
				A4315F951A83E1E000CA6FEB /* MobileCoreServices.framework */,
				A4315F931A83E1DA00CA6FEB /* ImageIO.framework */,
				A4315F911A83E1D400CA6FEB /* AssetsLibrary.framework */,
				A4315F8F1A83E1CC00CA6FEB /* Accelerate.framework */,
				A4315F691A83D98300CA6FEB /* CoreImage.framework */,
				A41E16851A82FC630080DD7A /* Info.plist */,
				A41E16861A82FC630080DD7A /* main.m */,
			);
			name = "Supporting Files";
			sourceTree = "<group>";
		};
		A41E169D1A82FC640080DD7A /* WinkInternshipTests */ = {
			isa = PBXGroup;
			children = (
				A41E16A01A82FC640080DD7A /* WinkInternshipTests.m */,
				A41E169E1A82FC640080DD7A /* Supporting Files */,
			);
			path = WinkInternshipTests;
			sourceTree = "<group>";
		};
		A41E169E1A82FC640080DD7A /* Supporting Files */ = {
			isa = PBXGroup;
			children = (
				A41E169F1A82FC640080DD7A /* Info.plist */,
			);
			name = "Supporting Files";
			sourceTree = "<group>";
		};
		A4672A051A8521E7004AF518 /* Models */ = {
			isa = PBXGroup;
			children = (
				A4315F5D1A83C37D00CA6FEB /* BrandOfWink.h */,
				A4315F5E1A83C37D00CA6FEB /* BrandOfWink.m */,
				A46729FF1A850E1C004AF518 /* LightInWink.h */,
				A4672A001A850E1C004AF518 /* LightInWink.m */,
				A4672A021A8521DE004AF518 /* ThermostatInWink.h */,
				A4672A031A8521DE004AF518 /* ThermostatInWink.m */,
			);
			name = Models;
			sourceTree = "<group>";
		};
		A4E733791A84027000B3C70A /* Setup Controllers */ = {
			isa = PBXGroup;
			children = (
				A4315F571A83BFA200CA6FEB /* SetupThermostatVC.h */,
				A4315F581A83BFA200CA6FEB /* SetupThermostatVC.m */,
				A4315F631A83CDE300CA6FEB /* SetupLightsVC.h */,
				A4315F641A83CDE300CA6FEB /* SetupLightsVC.m */,
			);
			name = "Setup Controllers";
			sourceTree = "<group>";
		};
		A4E7337A1A84029300B3C70A /* Main Controllers */ = {
			isa = PBXGroup;
			children = (
				A4315F661A83D4D500CA6FEB /* ControlRobotVC.h */,
				A4315F671A83D4D500CA6FEB /* ControlRobotVC.m */,
			);
			name = "Main Controllers";
			sourceTree = "<group>";
		};
		A4E7337B1A8402A100B3C70A /* Custom Table Cells */ = {
			isa = PBXGroup;
			children = (
				A4315F601A83CD7200CA6FEB /* BrandTableCellForLights.h */,
				A4315F611A83CD7200CA6FEB /* BrandTableCellForLights.m */,
				A4315F5A1A83C31A00CA6FEB /* BrandTableCell.h */,
				A4315F5B1A83C31A00CA6FEB /* BrandTableCell.m */,
			);
			name = "Custom Table Cells";
			sourceTree = "<group>";
		};
/* End PBXGroup section */

/* Begin PBXNativeTarget section */
		A41E16801A82FC630080DD7A /* WinkInternship */ = {
			isa = PBXNativeTarget;
			buildConfigurationList = A41E16A41A82FC640080DD7A /* Build configuration list for PBXNativeTarget "WinkInternship" */;
			buildPhases = (
				A41E167D1A82FC630080DD7A /* Sources */,
				A41E167E1A82FC630080DD7A /* Frameworks */,
				A41E167F1A82FC630080DD7A /* Resources */,
			);
			buildRules = (
			);
			dependencies = (
			);
			name = WinkInternship;
			productName = WinkInternship;
			productReference = A41E16811A82FC630080DD7A /* WinkInternship.app */;
			productType = "com.apple.product-type.application";
		};
		A41E16991A82FC640080DD7A /* WinkInternshipTests */ = {
			isa = PBXNativeTarget;
			buildConfigurationList = A41E16A71A82FC640080DD7A /* Build configuration list for PBXNativeTarget "WinkInternshipTests" */;
			buildPhases = (
				A41E16961A82FC640080DD7A /* Sources */,
				A41E16971A82FC640080DD7A /* Frameworks */,
				A41E16981A82FC640080DD7A /* Resources */,
			);
			buildRules = (
			);
			dependencies = (
				A41E169C1A82FC640080DD7A /* PBXTargetDependency */,
			);
			name = WinkInternshipTests;
			productName = WinkInternshipTests;
			productReference = A41E169A1A82FC640080DD7A /* WinkInternshipTests.xctest */;
			productType = "com.apple.product-type.bundle.unit-test";
		};
/* End PBXNativeTarget section */

/* Begin PBXProject section */
		A41E16791A82FC630080DD7A /* Project object */ = {
			isa = PBXProject;
			attributes = {
				LastUpgradeCheck = 0610;
				ORGANIZATIONNAME = U2PrideLabs;
				TargetAttributes = {
					A41E16801A82FC630080DD7A = {
						CreatedOnToolsVersion = 6.1.1;
					};
					A41E16991A82FC640080DD7A = {
						CreatedOnToolsVersion = 6.1.1;
						TestTargetID = A41E16801A82FC630080DD7A;
					};
				};
			};
			buildConfigurationList = A41E167C1A82FC630080DD7A /* Build configuration list for PBXProject "WinkInternship" */;
			compatibilityVersion = "Xcode 3.2";
			developmentRegion = English;
			hasScannedForEncodings = 0;
			knownRegions = (
				en,
				Base,
			);
			mainGroup = A41E16781A82FC630080DD7A;
			productRefGroup = A41E16821A82FC630080DD7A /* Products */;
			projectDirPath = "";
			projectRoot = "";
			targets = (
				A41E16801A82FC630080DD7A /* WinkInternship */,
				A41E16991A82FC640080DD7A /* WinkInternshipTests */,
			);
		};
/* End PBXProject section */

/* Begin PBXResourcesBuildPhase section */
		A41E167F1A82FC630080DD7A /* Resources */ = {
			isa = PBXResourcesBuildPhase;
			buildActionMask = 2147483647;
			files = (
				A41E16901A82FC630080DD7A /* Main.storyboard in Resources */,
				A41E16951A82FC630080DD7A /* LaunchScreen.xib in Resources */,
				A41E16921A82FC630080DD7A /* Images.xcassets in Resources */,
			);
			runOnlyForDeploymentPostprocessing = 0;
		};
		A41E16981A82FC640080DD7A /* Resources */ = {
			isa = PBXResourcesBuildPhase;
			buildActionMask = 2147483647;
			files = (
			);
			runOnlyForDeploymentPostprocessing = 0;
		};
/* End PBXResourcesBuildPhase section */

/* Begin PBXSourcesBuildPhase section */
		A41E167D1A82FC630080DD7A /* Sources */ = {
			isa = PBXSourcesBuildPhase;
			buildActionMask = 2147483647;
			files = (
				A41E168D1A82FC630080DD7A /* LoginVC.m in Sources */,
				A4315F681A83D4D500CA6FEB /* ControlRobotVC.m in Sources */,
				A4672A041A8521DE004AF518 /* ThermostatInWink.m in Sources */,
				A4315F5F1A83C37D00CA6FEB /* BrandOfWink.m in Sources */,
				A4315F5C1A83C31A00CA6FEB /* BrandTableCell.m in Sources */,
				A4315F621A83CD7200CA6FEB /* BrandTableCellForLights.m in Sources */,
				A41E168A1A82FC630080DD7A /* AppDelegate.m in Sources */,
				A41E16871A82FC630080DD7A /* main.m in Sources */,
				A4672A011A850E1C004AF518 /* LightInWink.m in Sources */,
				A4315F591A83BFA200CA6FEB /* SetupThermostatVC.m in Sources */,
				A4315F651A83CDE300CA6FEB /* SetupLightsVC.m in Sources */,
			);
			runOnlyForDeploymentPostprocessing = 0;
		};
		A41E16961A82FC640080DD7A /* Sources */ = {
			isa = PBXSourcesBuildPhase;
			buildActionMask = 2147483647;
			files = (
				A41E16A11A82FC640080DD7A /* WinkInternshipTests.m in Sources */,
			);
			runOnlyForDeploymentPostprocessing = 0;
		};
/* End PBXSourcesBuildPhase section */

/* Begin PBXTargetDependency section */
		A41E169C1A82FC640080DD7A /* PBXTargetDependency */ = {
			isa = PBXTargetDependency;
			target = A41E16801A82FC630080DD7A /* WinkInternship */;
			targetProxy = A41E169B1A82FC640080DD7A /* PBXContainerItemProxy */;
		};
/* End PBXTargetDependency section */

/* Begin PBXVariantGroup section */
		A41E168E1A82FC630080DD7A /* Main.storyboard */ = {
			isa = PBXVariantGroup;
			children = (
				A41E168F1A82FC630080DD7A /* Base */,
			);
			name = Main.storyboard;
			sourceTree = "<group>";
		};
		A41E16931A82FC630080DD7A /* LaunchScreen.xib */ = {
			isa = PBXVariantGroup;
			children = (
				A41E16941A82FC630080DD7A /* Base */,
			);
			name = LaunchScreen.xib;
			sourceTree = "<group>";
		};
/* End PBXVariantGroup section */

/* Begin XCBuildConfiguration section */
		A41E16A21A82FC640080DD7A /* Debug */ = {
			isa = XCBuildConfiguration;
			buildSettings = {
				ALWAYS_SEARCH_USER_PATHS = NO;
				CLANG_CXX_LANGUAGE_STANDARD = "gnu++0x";
				CLANG_CXX_LIBRARY = "libc++";
				CLANG_ENABLE_MODULES = YES;
				CLANG_ENABLE_OBJC_ARC = YES;
				CLANG_WARN_BOOL_CONVERSION = YES;
				CLANG_WARN_CONSTANT_CONVERSION = YES;
				CLANG_WARN_DIRECT_OBJC_ISA_USAGE = YES_ERROR;
				CLANG_WARN_EMPTY_BODY = YES;
				CLANG_WARN_ENUM_CONVERSION = YES;
				CLANG_WARN_INT_CONVERSION = YES;
				CLANG_WARN_OBJC_ROOT_CLASS = YES_ERROR;
				CLANG_WARN_UNREACHABLE_CODE = YES;
				CLANG_WARN__DUPLICATE_METHOD_MATCH = YES;
				"CODE_SIGN_IDENTITY[sdk=iphoneos*]" = "iPhone Developer";
				COPY_PHASE_STRIP = NO;
				ENABLE_STRICT_OBJC_MSGSEND = YES;
				GCC_C_LANGUAGE_STANDARD = gnu99;
				GCC_DYNAMIC_NO_PIC = NO;
				GCC_OPTIMIZATION_LEVEL = 0;
				GCC_PREPROCESSOR_DEFINITIONS = (
					"DEBUG=1",
					"$(inherited)",
				);
				GCC_SYMBOLS_PRIVATE_EXTERN = NO;
				GCC_WARN_64_TO_32_BIT_CONVERSION = YES;
				GCC_WARN_ABOUT_RETURN_TYPE = YES_ERROR;
				GCC_WARN_UNDECLARED_SELECTOR = YES;
				GCC_WARN_UNINITIALIZED_AUTOS = YES_AGGRESSIVE;
				GCC_WARN_UNUSED_FUNCTION = YES;
				GCC_WARN_UNUSED_VARIABLE = YES;
				IPHONEOS_DEPLOYMENT_TARGET = 8.1;
				MTL_ENABLE_DEBUG_INFO = YES;
				ONLY_ACTIVE_ARCH = YES;
				SDKROOT = iphoneos;
			};
			name = Debug;
		};
		A41E16A31A82FC640080DD7A /* Release */ = {
			isa = XCBuildConfiguration;
			buildSettings = {
				ALWAYS_SEARCH_USER_PATHS = NO;
				CLANG_CXX_LANGUAGE_STANDARD = "gnu++0x";
				CLANG_CXX_LIBRARY = "libc++";
				CLANG_ENABLE_MODULES = YES;
				CLANG_ENABLE_OBJC_ARC = YES;
				CLANG_WARN_BOOL_CONVERSION = YES;
				CLANG_WARN_CONSTANT_CONVERSION = YES;
				CLANG_WARN_DIRECT_OBJC_ISA_USAGE = YES_ERROR;
				CLANG_WARN_EMPTY_BODY = YES;
				CLANG_WARN_ENUM_CONVERSION = YES;
				CLANG_WARN_INT_CONVERSION = YES;
				CLANG_WARN_OBJC_ROOT_CLASS = YES_ERROR;
				CLANG_WARN_UNREACHABLE_CODE = YES;
				CLANG_WARN__DUPLICATE_METHOD_MATCH = YES;
				"CODE_SIGN_IDENTITY[sdk=iphoneos*]" = "iPhone Developer";
				COPY_PHASE_STRIP = YES;
				ENABLE_NS_ASSERTIONS = NO;
				ENABLE_STRICT_OBJC_MSGSEND = YES;
				GCC_C_LANGUAGE_STANDARD = gnu99;
				GCC_WARN_64_TO_32_BIT_CONVERSION = YES;
				GCC_WARN_ABOUT_RETURN_TYPE = YES_ERROR;
				GCC_WARN_UNDECLARED_SELECTOR = YES;
				GCC_WARN_UNINITIALIZED_AUTOS = YES_AGGRESSIVE;
				GCC_WARN_UNUSED_FUNCTION = YES;
				GCC_WARN_UNUSED_VARIABLE = YES;
				IPHONEOS_DEPLOYMENT_TARGET = 8.1;
				MTL_ENABLE_DEBUG_INFO = NO;
				SDKROOT = iphoneos;
				VALIDATE_PRODUCT = YES;
			};
			name = Release;
		};
		A41E16A51A82FC640080DD7A /* Debug */ = {
			isa = XCBuildConfiguration;
			buildSettings = {
				ASSETCATALOG_COMPILER_APPICON_NAME = AppIcon;
				INFOPLIST_FILE = WinkInternship/Info.plist;
				LD_RUNPATH_SEARCH_PATHS = "$(inherited) @executable_path/Frameworks";
				PRODUCT_NAME = "$(TARGET_NAME)";
			};
			name = Debug;
		};
		A41E16A61A82FC640080DD7A /* Release */ = {
			isa = XCBuildConfiguration;
			buildSettings = {
				ASSETCATALOG_COMPILER_APPICON_NAME = AppIcon;
				INFOPLIST_FILE = WinkInternship/Info.plist;
				LD_RUNPATH_SEARCH_PATHS = "$(inherited) @executable_path/Frameworks";
				PRODUCT_NAME = "$(TARGET_NAME)";
			};
			name = Release;
		};
		A41E16A81A82FC640080DD7A /* Debug */ = {
			isa = XCBuildConfiguration;
			buildSettings = {
				BUNDLE_LOADER = "$(TEST_HOST)";
				FRAMEWORK_SEARCH_PATHS = (
					"$(SDKROOT)/Developer/Library/Frameworks",
					"$(inherited)",
				);
				GCC_PREPROCESSOR_DEFINITIONS = (
					"DEBUG=1",
					"$(inherited)",
				);
				INFOPLIST_FILE = WinkInternshipTests/Info.plist;
				LD_RUNPATH_SEARCH_PATHS = "$(inherited) @executable_path/Frameworks @loader_path/Frameworks";
				PRODUCT_NAME = "$(TARGET_NAME)";
				TEST_HOST = "$(BUILT_PRODUCTS_DIR)/WinkInternship.app/WinkInternship";
			};
			name = Debug;
		};
		A41E16A91A82FC640080DD7A /* Release */ = {
			isa = XCBuildConfiguration;
			buildSettings = {
				BUNDLE_LOADER = "$(TEST_HOST)";
				FRAMEWORK_SEARCH_PATHS = (
					"$(SDKROOT)/Developer/Library/Frameworks",
					"$(inherited)",
				);
				INFOPLIST_FILE = WinkInternshipTests/Info.plist;
				LD_RUNPATH_SEARCH_PATHS = "$(inherited) @executable_path/Frameworks @loader_path/Frameworks";
				PRODUCT_NAME = "$(TARGET_NAME)";
				TEST_HOST = "$(BUILT_PRODUCTS_DIR)/WinkInternship.app/WinkInternship";
			};
			name = Release;
		};
/* End XCBuildConfiguration section */

/* Begin XCConfigurationList section */
		A41E167C1A82FC630080DD7A /* Build configuration list for PBXProject "WinkInternship" */ = {
			isa = XCConfigurationList;
			buildConfigurations = (
				A41E16A21A82FC640080DD7A /* Debug */,
				A41E16A31A82FC640080DD7A /* Release */,
			);
			defaultConfigurationIsVisible = 0;
			defaultConfigurationName = Release;
		};
		A41E16A41A82FC640080DD7A /* Build configuration list for PBXNativeTarget "WinkInternship" */ = {
			isa = XCConfigurationList;
			buildConfigurations = (
				A41E16A51A82FC640080DD7A /* Debug */,
				A41E16A61A82FC640080DD7A /* Release */,
			);
			defaultConfigurationIsVisible = 0;
			defaultConfigurationName = Release;
		};
		A41E16A71A82FC640080DD7A /* Build configuration list for PBXNativeTarget "WinkInternshipTests" */ = {
			isa = XCConfigurationList;
			buildConfigurations = (
				A41E16A81A82FC640080DD7A /* Debug */,
				A41E16A91A82FC640080DD7A /* Release */,
			);
			defaultConfigurationIsVisible = 0;
			defaultConfigurationName = Release;
		};
/* End XCConfigurationList section */
	};
	rootObject = A41E16791A82FC630080DD7A /* Project object */;
}
